
Microsoft Visual Studio Solution File, Format Version 12.00
# Visual Studio 15
VisualStudioVersion = 15.0.26403.7
MinimumVisualStudioVersion = 10.0.40219.1
Project("{9A19103F-16F7-4668-BE54-9A1E7A4F7556}") = "topicr", "web\topicr.csproj", "{5D44334F-0B53-4CB9-A69F-2AB8712A23F8}"
EndProject
Project("{2150E333-8FDC-42A3-9474-1A3956D46DE8}") = "tests", "tests", "{D6773C09-ADE3-4B0D-A4EA-4E3222E4B73F}"
EndProject
Project("{9A19103F-16F7-4668-BE54-9A1E7A4F7556}") = "topicr.tests", "tests\topicr.tests.csproj", "{BB636711-60D4-4767-BDF5-1DD76FA01DBF}"
EndProject
Global
	GlobalSection(SolutionConfigurationPlatforms) = preSolution
		Debug|Any CPU = Debug|Any CPU
		Release|Any CPU = Release|Any CPU
	EndGlobalSection
	GlobalSection(ProjectConfigurationPlatforms) = postSolution
		{5D44334F-0B53-4CB9-A69F-2AB8712A23F8}.Debug|Any CPU.ActiveCfg = Debug|Any CPU
		{5D44334F-0B53-4CB9-A69F-2AB8712A23F8}.Debug|Any CPU.Build.0 = Debug|Any CPU
		{5D44334F-0B53-4CB9-A69F-2AB8712A23F8}.Release|Any CPU.ActiveCfg = Release|Any CPU
		{5D44334F-0B53-4CB9-A69F-2AB8712A23F8}.Release|Any CPU.Build.0 = Release|Any CPU
		{BB636711-60D4-4767-BDF5-1DD76FA01DBF}.Debug|Any CPU.ActiveCfg = Debug|Any CPU
		{BB636711-60D4-4767-BDF5-1DD76FA01DBF}.Debug|Any CPU.Build.0 = Debug|Any CPU
		{BB636711-60D4-4767-BDF5-1DD76FA01DBF}.Release|Any CPU.ActiveCfg = Release|Any CPU
		{BB636711-60D4-4767-BDF5-1DD76FA01DBF}.Release|Any CPU.Build.0 = Release|Any CPU
	EndGlobalSection
	GlobalSection(SolutionProperties) = preSolution
		HideSolutionNode = FALSE
	EndGlobalSection
	GlobalSection(NestedProjects) = preSolution
		{BB636711-60D4-4767-BDF5-1DD76FA01DBF} = {D6773C09-ADE3-4B0D-A4EA-4E3222E4B73F}
	EndGlobalSection
EndGlobal
